
Microsoft Visual Studio Solution File, Format Version 12.00
# Visual Studio Version 17
VisualStudioVersion = 17.9.34701.34
MinimumVisualStudioVersion = 10.0.40219.1
Project("{FAE04EC0-301F-11D3-BF4B-00C04F79EFBC}") = "CreateAuth", "CreateAuth\CreateAuth.csproj", "{6F932873-5765-477F-8A45-607EE3709322}"
EndProject
Global
	GlobalSection(SolutionConfigurationPlatforms) = preSolution
		Debug|Any CPU = Debug|Any CPU
		Release|Any CPU = Release|Any CPU
	EndGlobalSection
	GlobalSection(ProjectConfigurationPlatforms) = postSolution
		{6F932873-5765-477F-8A45-607EE3709322}.Debug|Any CPU.ActiveCfg = Debug|Any CPU
		{6F932873-5765-477F-8A45-607EE3709322}.Debug|Any CPU.Build.0 = Debug|Any CPU
		{6F932873-5765-477F-8A45-607EE3709322}.Release|Any CPU.ActiveCfg = Release|Any CPU
		{6F932873-5765-477F-8A45-607EE3709322}.Release|Any CPU.Build.0 = Release|Any CPU
	EndGlobalSection
	GlobalSection(SolutionProperties) = preSolution
		HideSolutionNode = FALSE
	EndGlobalSection
	GlobalSection(ExtensibilityGlobals) = postSolution
		SolutionGuid = {479B7EF1-FBAE-4AC3-8A49-F7686B11321A}
	EndGlobalSection
EndGlobal
